
Microsoft Visual Studio Solution File, Format Version 12.00
# Visual Studio Version 17
VisualStudioVersion = 17.0.31903.59
MinimumVisualStudioVersion = 10.0.40219.1
Project("{FAE04EC0-301F-11D3-BF4B-00C04F79EFBC}") = "CentroEventos.Aplicacion", "CentroEventos.Aplicacion\CentroEventos.Aplicacion.csproj", "{E4398C21-5869-4B7E-BC3F-5BCE288BFCA0}"
EndProject
Project("{FAE04EC0-301F-11D3-BF4B-00C04F79EFBC}") = "CentroEventos.Repositorios", "CentroEventos.Repositorios\CentroEventos.Repositorios.csproj", "{8680E561-D710-4A42-85F0-81346DE46CBA}"
EndProject
Project("{FAE04EC0-301F-11D3-BF4B-00C04F79EFBC}") = "CentroEventos.UI", "CentroEventos.UI\CentroEventos.UI.csproj", "{423BEC45-5350-4B43-9BE7-871EF65DD464}"
EndProject
Global
	GlobalSection(SolutionConfigurationPlatforms) = preSolution
		Debug|Any CPU = Debug|Any CPU
		Release|Any CPU = Release|Any CPU
	EndGlobalSection
	GlobalSection(ProjectConfigurationPlatforms) = postSolution
		{E4398C21-5869-4B7E-BC3F-5BCE288BFCA0}.Debug|Any CPU.ActiveCfg = Debug|Any CPU
		{E4398C21-5869-4B7E-BC3F-5BCE288BFCA0}.Debug|Any CPU.Build.0 = Debug|Any CPU
		{E4398C21-5869-4B7E-BC3F-5BCE288BFCA0}.Release|Any CPU.ActiveCfg = Release|Any CPU
		{E4398C21-5869-4B7E-BC3F-5BCE288BFCA0}.Release|Any CPU.Build.0 = Release|Any CPU
		{8680E561-D710-4A42-85F0-81346DE46CBA}.Debug|Any CPU.ActiveCfg = Debug|Any CPU
		{8680E561-D710-4A42-85F0-81346DE46CBA}.Debug|Any CPU.Build.0 = Debug|Any CPU
		{8680E561-D710-4A42-85F0-81346DE46CBA}.Release|Any CPU.ActiveCfg = Release|Any CPU
		{8680E561-D710-4A42-85F0-81346DE46CBA}.Release|Any CPU.Build.0 = Release|Any CPU
		{423BEC45-5350-4B43-9BE7-871EF65DD464}.Debug|Any CPU.ActiveCfg = Debug|Any CPU
		{423BEC45-5350-4B43-9BE7-871EF65DD464}.Debug|Any CPU.Build.0 = Debug|Any CPU
		{423BEC45-5350-4B43-9BE7-871EF65DD464}.Release|Any CPU.ActiveCfg = Release|Any CPU
		{423BEC45-5350-4B43-9BE7-871EF65DD464}.Release|Any CPU.Build.0 = Release|Any CPU
	EndGlobalSection
	GlobalSection(SolutionProperties) = preSolution
		HideSolutionNode = FALSE
	EndGlobalSection
EndGlobal
